
Microsoft Visual Studio Solution File, Format Version 12.00
# Visual Studio Version 17
VisualStudioVersion = 17.0.31903.59
MinimumVisualStudioVersion = 10.0.40219.1
Project("{FAE04EC0-301F-11D3-BF4B-00C04F79EFBC}") = "SistemaConvenios", "SistemaConvenios.csproj", "{E757DCDF-BA95-4E22-A460-26B2111C2743}"
EndProject
Project("{2150E333-8FDC-42A3-9474-1A3956D46DE8}") = "src", "src", "{CFFD952A-CCC1-456A-8505-4938C604A550}"
EndProject
Project("{FAE04EC0-301F-11D3-BF4B-00C04F79EFBC}") = "SistemaConvenios.Domain", "src\SistemaConvenios.Domain\SistemaConvenios.Domain.csproj", "{8281AEA4-859B-44D4-8B85-D0ED01BDF8C4}"
EndProject
Project("{FAE04EC0-301F-11D3-BF4B-00C04F79EFBC}") = "SistemaConvenios.Application", "src\SistemaConvenios.Application\SistemaConvenios.Application.csproj", "{6CD981B1-7731-4F10-8EE9-8A2DE38A688D}"
EndProject
Project("{FAE04EC0-301F-11D3-BF4B-00C04F79EFBC}") = "SistemaConvenios.Infrastructure", "src\SistemaConvenios.Infrastructure\SistemaConvenios.Infrastructure.csproj", "{43183CCD-6C26-4D41-98AB-9DAB77C8279D}"
EndProject
Project("{2150E333-8FDC-42A3-9474-1A3956D46DE8}") = "tests", "tests", "{354538DD-0DCE-465A-A6E0-01F04C1E9970}"
EndProject
Project("{FAE04EC0-301F-11D3-BF4B-00C04F79EFBC}") = "SistemaConvenios.Domain.Tests", "tests\SistemaConvenios.Domain.Tests\SistemaConvenios.Domain.Tests.csproj", "{548F8557-38F2-4118-AD79-4C6CE038173C}"
EndProject
Project("{FAE04EC0-301F-11D3-BF4B-00C04F79EFBC}") = "SistemaConvenios.Integration.Tests", "tests\SistemaConvenios.Integration.Tests\SistemaConvenios.Integration.Tests.csproj", "{5B895F38-FBB6-42E5-ADAF-A44FA7D0BCBD}"
EndProject
Global
	GlobalSection(SolutionConfigurationPlatforms) = preSolution
		Debug|Any CPU = Debug|Any CPU
		Release|Any CPU = Release|Any CPU
	EndGlobalSection
	GlobalSection(SolutionProperties) = preSolution
		HideSolutionNode = FALSE
	EndGlobalSection
	GlobalSection(ProjectConfigurationPlatforms) = postSolution
		{E757DCDF-BA95-4E22-A460-26B2111C2743}.Debug|Any CPU.ActiveCfg = Debug|Any CPU
		{E757DCDF-BA95-4E22-A460-26B2111C2743}.Debug|Any CPU.Build.0 = Debug|Any CPU
		{E757DCDF-BA95-4E22-A460-26B2111C2743}.Release|Any CPU.ActiveCfg = Release|Any CPU
		{E757DCDF-BA95-4E22-A460-26B2111C2743}.Release|Any CPU.Build.0 = Release|Any CPU
		{8281AEA4-859B-44D4-8B85-D0ED01BDF8C4}.Debug|Any CPU.ActiveCfg = Debug|Any CPU
		{8281AEA4-859B-44D4-8B85-D0ED01BDF8C4}.Debug|Any CPU.Build.0 = Debug|Any CPU
		{8281AEA4-859B-44D4-8B85-D0ED01BDF8C4}.Release|Any CPU.ActiveCfg = Release|Any CPU
		{8281AEA4-859B-44D4-8B85-D0ED01BDF8C4}.Release|Any CPU.Build.0 = Release|Any CPU
		{6CD981B1-7731-4F10-8EE9-8A2DE38A688D}.Debug|Any CPU.ActiveCfg = Debug|Any CPU
		{6CD981B1-7731-4F10-8EE9-8A2DE38A688D}.Debug|Any CPU.Build.0 = Debug|Any CPU
		{6CD981B1-7731-4F10-8EE9-8A2DE38A688D}.Release|Any CPU.ActiveCfg = Release|Any CPU
		{6CD981B1-7731-4F10-8EE9-8A2DE38A688D}.Release|Any CPU.Build.0 = Release|Any CPU
		{43183CCD-6C26-4D41-98AB-9DAB77C8279D}.Debug|Any CPU.ActiveCfg = Debug|Any CPU
		{43183CCD-6C26-4D41-98AB-9DAB77C8279D}.Debug|Any CPU.Build.0 = Debug|Any CPU
		{43183CCD-6C26-4D41-98AB-9DAB77C8279D}.Release|Any CPU.ActiveCfg = Release|Any CPU
		{43183CCD-6C26-4D41-98AB-9DAB77C8279D}.Release|Any CPU.Build.0 = Release|Any CPU
		{548F8557-38F2-4118-AD79-4C6CE038173C}.Debug|Any CPU.ActiveCfg = Debug|Any CPU
		{548F8557-38F2-4118-AD79-4C6CE038173C}.Debug|Any CPU.Build.0 = Debug|Any CPU
		{548F8557-38F2-4118-AD79-4C6CE038173C}.Release|Any CPU.ActiveCfg = Release|Any CPU
		{548F8557-38F2-4118-AD79-4C6CE038173C}.Release|Any CPU.Build.0 = Release|Any CPU
		{5B895F38-FBB6-42E5-ADAF-A44FA7D0BCBD}.Debug|Any CPU.ActiveCfg = Debug|Any CPU
		{5B895F38-FBB6-42E5-ADAF-A44FA7D0BCBD}.Debug|Any CPU.Build.0 = Debug|Any CPU
		{5B895F38-FBB6-42E5-ADAF-A44FA7D0BCBD}.Release|Any CPU.ActiveCfg = Release|Any CPU
		{5B895F38-FBB6-42E5-ADAF-A44FA7D0BCBD}.Release|Any CPU.Build.0 = Release|Any CPU
	EndGlobalSection
	GlobalSection(NestedProjects) = preSolution
		{8281AEA4-859B-44D4-8B85-D0ED01BDF8C4} = {CFFD952A-CCC1-456A-8505-4938C604A550}
		{6CD981B1-7731-4F10-8EE9-8A2DE38A688D} = {CFFD952A-CCC1-456A-8505-4938C604A550}
		{43183CCD-6C26-4D41-98AB-9DAB77C8279D} = {CFFD952A-CCC1-456A-8505-4938C604A550}
		{548F8557-38F2-4118-AD79-4C6CE038173C} = {354538DD-0DCE-465A-A6E0-01F04C1E9970}
		{5B895F38-FBB6-42E5-ADAF-A44FA7D0BCBD} = {354538DD-0DCE-465A-A6E0-01F04C1E9970}
	EndGlobalSection
EndGlobal
